// !$*UTF8*$!
{
	archiveVersion = 1;
	classes = {
	};
	objectVersion = 77;
	objects = {

/* Begin PBXContainerItemProxy section */
		200B80032CD0855100E3A8FD /* PBXContainerItemProxy */ = {
			isa = PBXContainerItemProxy;
			containerPortal = 200B7FE82CD0854F00E3A8FD /* Project object */;
			proxyType = 1;
			remoteGlobalIDString = 200B7FEF2CD0854F00E3A8FD;
			remoteInfo = remWord;
		};
		200B800D2CD0855100E3A8FD /* PBXContainerItemProxy */ = {
			isa = PBXContainerItemProxy;
			containerPortal = 200B7FE82CD0854F00E3A8FD /* Project object */;
			proxyType = 1;
			remoteGlobalIDString = 200B7FEF2CD0854F00E3A8FD;
			remoteInfo = remWord;
		};
/* End PBXContainerItemProxy section */

/* Begin PBXFileReference section */
		200B7FF02CD0854F00E3A8FD /* remWord.app */ = {isa = PBXFileReference; explicitFileType = wrapper.application; includeInIndex = 0; path = remWord.app; sourceTree = BUILT_PRODUCTS_DIR; };
		200B80022CD0855100E3A8FD /* remWordTests.xctest */ = {isa = PBXFileReference; explicitFileType = wrapper.cfbundle; includeInIndex = 0; path = remWordTests.xctest; sourceTree = BUILT_PRODUCTS_DIR; };
		200B800C2CD0855100E3A8FD /* remWordUITests.xctest */ = {isa = PBXFileReference; explicitFileType = wrapper.cfbundle; includeInIndex = 0; path = remWordUITests.xctest; sourceTree = BUILT_PRODUCTS_DIR; };
/* End PBXFileReference section */

/* Begin PBXFileSystemSynchronizedBuildFileExceptionSet section */
		48F1EB502CD880710018B92F /* Exceptions for "remWord" folder in "remWordTests" target */ = {
			isa = PBXFileSystemSynchronizedBuildFileExceptionSet;
			membershipExceptions = (
				Rem_mode/Rem_modeView.swift,
			);
			target = 200B80012CD0855100E3A8FD /* remWordTests */;
		};
		48F1EB512CD880710018B92F /* Exceptions for "remWord" folder in "remWordUITests" target */ = {
			isa = PBXFileSystemSynchronizedBuildFileExceptionSet;
			membershipExceptions = (
				Rem_mode/Rem_modeView.swift,
			);
			target = 200B800B2CD0855100E3A8FD /* remWordUITests */;
		};
/* End PBXFileSystemSynchronizedBuildFileExceptionSet section */

/* Begin PBXFileSystemSynchronizedRootGroup section */
		200B7FF22CD0854F00E3A8FD /* remWord */ = {
			isa = PBXFileSystemSynchronizedRootGroup;
			exceptions = (
				48F1EB502CD880710018B92F /* Exceptions for "remWord" folder in "remWordTests" target */,
				48F1EB512CD880710018B92F /* Exceptions for "remWord" folder in "remWordUITests" target */,
			);
			path = remWord;
			sourceTree = "<group>";
		};
		200B80052CD0855100E3A8FD /* remWordTests */ = {
			isa = PBXFileSystemSynchronizedRootGroup;
			path = remWordTests;
			sourceTree = "<group>";
		};
		200B800F2CD0855100E3A8FD /* remWordUITests */ = {
			isa = PBXFileSystemSynchronizedRootGroup;
			path = remWordUITests;
			sourceTree = "<group>";
		};
/* End PBXFileSystemSynchronizedRootGroup section */

/* Begin PBXFrameworksBuildPhase section */
		200B7FED2CD0854F00E3A8FD /* Frameworks */ = {
			isa = PBXFrameworksBuildPhase;
			buildActionMask = 2147483647;
			files = (
			);
			runOnlyForDeploymentPostprocessing = 0;
		};
		200B7FFF2CD0855100E3A8FD /* Frameworks */ = {
			isa = PBXFrameworksBuildPhase;
			buildActionMask = 2147483647;
			files = (
			);
			runOnlyForDeploymentPostprocessing = 0;
		};
		200B80092CD0855100E3A8FD /* Frameworks */ = {
			isa = PBXFrameworksBuildPhase;
			buildActionMask = 2147483647;
			files = (
			);
			runOnlyForDeploymentPostprocessing = 0;
		};
/* End PBXFrameworksBuildPhase section */

/* Begin PBXGroup section */
		200B7FE72CD0854F00E3A8FD = {
			isa = PBXGroup;
			children = (
				200B7FF22CD0854F00E3A8FD /* remWord */,
				200B80052CD0855100E3A8FD /* remWordTests */,
				200B800F2CD0855100E3A8FD /* remWordUITests */,
				200B7FF12CD0854F00E3A8FD /* Products */,
			);
			sourceTree = "<group>";
		};
		200B7FF12CD0854F00E3A8FD /* Products */ = {
			isa = PBXGroup;
			children = (
				200B7FF02CD0854F00E3A8FD /* remWord.app */,
				200B80022CD0855100E3A8FD /* remWordTests.xctest */,
				200B800C2CD0855100E3A8FD /* remWordUITests.xctest */,
			);
			name = Products;
			sourceTree = "<group>";
		};
/* End PBXGroup section */

/* Begin PBXNativeTarget section */
		200B7FEF2CD0854F00E3A8FD /* remWord */ = {
			isa = PBXNativeTarget;
			buildConfigurationList = 200B80162CD0855100E3A8FD /* Build configuration list for PBXNativeTarget "remWord" */;
			buildPhases = (
				200B7FEC2CD0854F00E3A8FD /* Sources */,
				200B7FED2CD0854F00E3A8FD /* Frameworks */,
				200B7FEE2CD0854F00E3A8FD /* Resources */,
			);
			buildRules = (
			);
			dependencies = (
			);
			fileSystemSynchronizedGroups = (
				200B7FF22CD0854F00E3A8FD /* remWord */,
			);
			name = remWord;
			packageProductDependencies = (
			);
			productName = remWord;
			productReference = 200B7FF02CD0854F00E3A8FD /* remWord.app */;
			productType = "com.apple.product-type.application";
		};
		200B80012CD0855100E3A8FD /* remWordTests */ = {
			isa = PBXNativeTarget;
			buildConfigurationList = 200B80192CD0855100E3A8FD /* Build configuration list for PBXNativeTarget "remWordTests" */;
			buildPhases = (
				200B7FFE2CD0855100E3A8FD /* Sources */,
				200B7FFF2CD0855100E3A8FD /* Frameworks */,
				200B80002CD0855100E3A8FD /* Resources */,
			);
			buildRules = (
			);
			dependencies = (
				200B80042CD0855100E3A8FD /* PBXTargetDependency */,
			);
			fileSystemSynchronizedGroups = (
				200B80052CD0855100E3A8FD /* remWordTests */,
			);
			name = remWordTests;
			packageProductDependencies = (
			);
			productName = remWordTests;
			productReference = 200B80022CD0855100E3A8FD /* remWordTests.xctest */;
			productType = "com.apple.product-type.bundle.unit-test";
		};
		200B800B2CD0855100E3A8FD /* remWordUITests */ = {
			isa = PBXNativeTarget;
			buildConfigurationList = 200B801C2CD0855100E3A8FD /* Build configuration list for PBXNativeTarget "remWordUITests" */;
			buildPhases = (
				200B80082CD0855100E3A8FD /* Sources */,
				200B80092CD0855100E3A8FD /* Frameworks */,
				200B800A2CD0855100E3A8FD /* Resources */,
			);
			buildRules = (
			);
			dependencies = (
				200B800E2CD0855100E3A8FD /* PBXTargetDependency */,
			);
			fileSystemSynchronizedGroups = (
				200B800F2CD0855100E3A8FD /* remWordUITests */,
			);
			name = remWordUITests;
			packageProductDependencies = (
			);
			productName = remWordUITests;
			productReference = 200B800C2CD0855100E3A8FD /* remWordUITests.xctest */;
			productType = "com.apple.product-type.bundle.ui-testing";
		};
/* End PBXNativeTarget section */

/* Begin PBXProject section */
		200B7FE82CD0854F00E3A8FD /* Project object */ = {
			isa = PBXProject;
			attributes = {
				BuildIndependentTargetsInParallel = 1;
				LastSwiftUpdateCheck = 1600;
				LastUpgradeCheck = 1600;
				TargetAttributes = {
					200B7FEF2CD0854F00E3A8FD = {
						CreatedOnToolsVersion = 16.0;
					};
					200B80012CD0855100E3A8FD = {
						CreatedOnToolsVersion = 16.0;
						TestTargetID = 200B7FEF2CD0854F00E3A8FD;
					};
					200B800B2CD0855100E3A8FD = {
						CreatedOnToolsVersion = 16.0;
						TestTargetID = 200B7FEF2CD0854F00E3A8FD;
					};
				};
			};
			buildConfigurationList = 200B7FEB2CD0854F00E3A8FD /* Build configuration list for PBXProject "remWord" */;
			developmentRegion = en;
			hasScannedForEncodings = 0;
			knownRegions = (
				en,
				Base,
			);
			mainGroup = 200B7FE72CD0854F00E3A8FD;
			minimizedProjectReferenceProxies = 1;
			preferredProjectObjectVersion = 77;
			productRefGroup = 200B7FF12CD0854F00E3A8FD /* Products */;
			projectDirPath = "";
			projectRoot = "";
			targets = (
				200B7FEF2CD0854F00E3A8FD /* remWord */,
				200B80012CD0855100E3A8FD /* remWordTests */,
				200B800B2CD0855100E3A8FD /* remWordUITests */,
			);
		};
/* End PBXProject section */

/* Begin PBXResourcesBuildPhase section */
		200B7FEE2CD0854F00E3A8FD /* Resources */ = {
			isa = PBXResourcesBuildPhase;
			buildActionMask = 2147483647;
			files = (
			);
			runOnlyForDeploymentPostprocessing = 0;
		};
		200B80002CD0855100E3A8FD /* Resources */ = {
			isa = PBXResourcesBuildPhase;
			buildActionMask = 2147483647;
			files = (
			);
			runOnlyForDeploymentPostprocessing = 0;
		};
		200B800A2CD0855100E3A8FD /* Resources */ = {
			isa = PBXResourcesBuildPhase;
			buildActionMask = 2147483647;
			files = (
			);
			runOnlyForDeploymentPostprocessing = 0;
		};
/* End PBXResourcesBuildPhase section */

/* Begin PBXSourcesBuildPhase section */
		200B7FEC2CD0854F00E3A8FD /* Sources */ = {
			isa = PBXSourcesBuildPhase;
			buildActionMask = 2147483647;
			files = (
			);
			runOnlyForDeploymentPostprocessing = 0;
		};
		200B7FFE2CD0855100E3A8FD /* Sources */ = {
			isa = PBXSourcesBuildPhase;
			buildActionMask = 2147483647;
			files = (
			);
			runOnlyForDeploymentPostprocessing = 0;
		};
		200B80082CD0855100E3A8FD /* Sources */ = {
			isa = PBXSourcesBuildPhase;
			buildActionMask = 2147483647;
			files = (
			);
			runOnlyForDeploymentPostprocessing = 0;
		};
/* End PBXSourcesBuildPhase section */

/* Begin PBXTargetDependency section */
		200B80042CD0855100E3A8FD /* PBXTargetDependency */ = {
			isa = PBXTargetDependency;
			target = 200B7FEF2CD0854F00E3A8FD /* remWord */;
			targetProxy = 200B80032CD0855100E3A8FD /* PBXContainerItemProxy */;
		};
		200B800E2CD0855100E3A8FD /* PBXTargetDependency */ = {
			isa = PBXTargetDependency;
			target = 200B7FEF2CD0854F00E3A8FD /* remWord */;
			targetProxy = 200B800D2CD0855100E3A8FD /* PBXContainerItemProxy */;
		};
/* End PBXTargetDependency section */

/* Begin XCBuildConfiguration section */
		200B80142CD0855100E3A8FD /* Debug */ = {
			isa = XCBuildConfiguration;
			buildSettings = {
				ALWAYS_SEARCH_USER_PATHS = NO;
				ASSETCATALOG_COMPILER_GENERATE_SWIFT_ASSET_SYMBOL_EXTENSIONS = YES;
				CLANG_ANALYZER_NONNULL = YES;
				CLANG_ANALYZER_NUMBER_OBJECT_CONVERSION = YES_AGGRESSIVE;
				CLANG_CXX_LANGUAGE_STANDARD = "gnu++20";
				CLANG_ENABLE_MODULES = YES;
				CLANG_ENABLE_OBJC_ARC = YES;
				CLANG_ENABLE_OBJC_WEAK = YES;
				CLANG_WARN_BLOCK_CAPTURE_AUTORELEASING = YES;
				CLANG_WARN_BOOL_CONVERSION = YES;
				CLANG_WARN_COMMA = YES;
				CLANG_WARN_CONSTANT_CONVERSION = YES;
				CLANG_WARN_DEPRECATED_OBJC_IMPLEMENTATIONS = YES;
				CLANG_WARN_DIRECT_OBJC_ISA_USAGE = YES_ERROR;
				CLANG_WARN_DOCUMENTATION_COMMENTS = YES;
				CLANG_WARN_EMPTY_BODY = YES;
				CLANG_WARN_ENUM_CONVERSION = YES;
				CLANG_WARN_INFINITE_RECURSION = YES;
				CLANG_WARN_INT_CONVERSION = YES;
				CLANG_WARN_NON_LITERAL_NULL_CONVERSION = YES;
				CLANG_WARN_OBJC_IMPLICIT_RETAIN_SELF = YES;
				CLANG_WARN_OBJC_LITERAL_CONVERSION = YES;
				CLANG_WARN_OBJC_ROOT_CLASS = YES_ERROR;
				CLANG_WARN_QUOTED_INCLUDE_IN_FRAMEWORK_HEADER = YES;
				CLANG_WARN_RANGE_LOOP_ANALYSIS = YES;
				CLANG_WARN_STRICT_PROTOTYPES = YES;
				CLANG_WARN_SUSPICIOUS_MOVE = YES;
				CLANG_WARN_UNGUARDED_AVAILABILITY = YES_AGGRESSIVE;
				CLANG_WARN_UNREACHABLE_CODE = YES;
				CLANG_WARN__DUPLICATE_METHOD_MATCH = YES;
				COPY_PHASE_STRIP = NO;
				DEBUG_INFORMATION_FORMAT = dwarf;
				ENABLE_STRICT_OBJC_MSGSEND = YES;
				ENABLE_TESTABILITY = YES;
				ENABLE_USER_SCRIPT_SANDBOXING = YES;
				GCC_C_LANGUAGE_STANDARD = gnu17;
				GCC_DYNAMIC_NO_PIC = NO;
				GCC_NO_COMMON_BLOCKS = YES;
				GCC_OPTIMIZATION_LEVEL = 0;
				GCC_PREPROCESSOR_DEFINITIONS = (
					"DEBUG=1",
					"$(inherited)",
				);
				GCC_WARN_64_TO_32_BIT_CONVERSION = YES;
				GCC_WARN_ABOUT_RETURN_TYPE = YES_ERROR;
				GCC_WARN_UNDECLARED_SELECTOR = YES;
				GCC_WARN_UNINITIALIZED_AUTOS = YES_AGGRESSIVE;
				GCC_WARN_UNUSED_FUNCTION = YES;
				GCC_WARN_UNUSED_VARIABLE = YES;
				IPHONEOS_DEPLOYMENT_TARGET = 18.0;
				LOCALIZATION_PREFERS_STRING_CATALOGS = YES;
				MTL_ENABLE_DEBUG_INFO = INCLUDE_SOURCE;
				MTL_FAST_MATH = YES;
				ONLY_ACTIVE_ARCH = YES;
				SDKROOT = iphoneos;
				SWIFT_ACTIVE_COMPILATION_CONDITIONS = "DEBUG $(inherited)";
				SWIFT_OPTIMIZATION_LEVEL = "-Onone";
			};
			name = Debug;
		};
		200B80152CD0855100E3A8FD /* Release */ = {
			isa = XCBuildConfiguration;
			buildSettings = {
				ALWAYS_SEARCH_USER_PATHS = NO;
				ASSETCATALOG_COMPILER_GENERATE_SWIFT_ASSET_SYMBOL_EXTENSIONS = YES;
				CLANG_ANALYZER_NONNULL = YES;
				CLANG_ANALYZER_NUMBER_OBJECT_CONVERSION = YES_AGGRESSIVE;
				CLANG_CXX_LANGUAGE_STANDARD = "gnu++20";
				CLANG_ENABLE_MODULES = YES;
				CLANG_ENABLE_OBJC_ARC = YES;
				CLANG_ENABLE_OBJC_WEAK = YES;
				CLANG_WARN_BLOCK_CAPTURE_AUTORELEASING = YES;
				CLANG_WARN_BOOL_CONVERSION = YES;
				CLANG_WARN_COMMA = YES;
				CLANG_WARN_CONSTANT_CONVERSION = YES;
				CLANG_WARN_DEPRECATED_OBJC_IMPLEMENTATIONS = YES;
				CLANG_WARN_DIRECT_OBJC_ISA_USAGE = YES_ERROR;
				CLANG_WARN_DOCUMENTATION_COMMENTS = YES;
				CLANG_WARN_EMPTY_BODY = YES;
				CLANG_WARN_ENUM_CONVERSION = YES;
				CLANG_WARN_INFINITE_RECURSION = YES;
				CLANG_WARN_INT_CONVERSION = YES;
				CLANG_WARN_NON_LITERAL_NULL_CONVERSION = YES;
				CLANG_WARN_OBJC_IMPLICIT_RETAIN_SELF = YES;
				CLANG_WARN_OBJC_LITERAL_CONVERSION = YES;
				CLANG_WARN_OBJC_ROOT_CLASS = YES_ERROR;
				CLANG_WARN_QUOTED_INCLUDE_IN_FRAMEWORK_HEADER = YES;
				CLANG_WARN_RANGE_LOOP_ANALYSIS = YES;
				CLANG_WARN_STRICT_PROTOTYPES = YES;
				CLANG_WARN_SUSPICIOUS_MOVE = YES;
				CLANG_WARN_UNGUARDED_AVAILABILITY = YES_AGGRESSIVE;
				CLANG_WARN_UNREACHABLE_CODE = YES;
				CLANG_WARN__DUPLICATE_METHOD_MATCH = YES;
				COPY_PHASE_STRIP = NO;
				DEBUG_INFORMATION_FORMAT = "dwarf-with-dsym";
				ENABLE_NS_ASSERTIONS = NO;
				ENABLE_STRICT_OBJC_MSGSEND = YES;
				ENABLE_USER_SCRIPT_SANDBOXING = YES;
				GCC_C_LANGUAGE_STANDARD = gnu17;
				GCC_NO_COMMON_BLOCKS = YES;
				GCC_WARN_64_TO_32_BIT_CONVERSION = YES;
				GCC_WARN_ABOUT_RETURN_TYPE = YES_ERROR;
				GCC_WARN_UNDECLARED_SELECTOR = YES;
				GCC_WARN_UNINITIALIZED_AUTOS = YES_AGGRESSIVE;
				GCC_WARN_UNUSED_FUNCTION = YES;
				GCC_WARN_UNUSED_VARIABLE = YES;
				IPHONEOS_DEPLOYMENT_TARGET = 18.0;
				LOCALIZATION_PREFERS_STRING_CATALOGS = YES;
				MTL_ENABLE_DEBUG_INFO = NO;
				MTL_FAST_MATH = YES;
				SDKROOT = iphoneos;
				SWIFT_COMPILATION_MODE = wholemodule;
				VALIDATE_PRODUCT = YES;
			};
			name = Release;
		};
		200B80172CD0855100E3A8FD /* Debug */ = {
			isa = XCBuildConfiguration;
			buildSettings = {
				ASSETCATALOG_COMPILER_APPICON_NAME = AppIcon;
				ASSETCATALOG_COMPILER_GLOBAL_ACCENT_COLOR_NAME = AccentColor;
				CODE_SIGN_STYLE = Automatic;
				CURRENT_PROJECT_VERSION = 1;
				DEVELOPMENT_ASSET_PATHS = "\"remWord/Preview Content\"";
				ENABLE_PREVIEWS = YES;
				GENERATE_INFOPLIST_FILE = YES;
				INFOPLIST_KEY_UIApplicationSceneManifest_Generation = YES;
				INFOPLIST_KEY_UIApplicationSupportsIndirectInputEvents = YES;
				INFOPLIST_KEY_UILaunchScreen_Generation = YES;
				INFOPLIST_KEY_UISupportedInterfaceOrientations_iPad = "UIInterfaceOrientationPortrait UIInterfaceOrientationPortraitUpsideDown UIInterfaceOrientationLandscapeLeft UIInterfaceOrientationLandscapeRight";
				INFOPLIST_KEY_UISupportedInterfaceOrientations_iPhone = "UIInterfaceOrientationPortrait UIInterfaceOrientationLandscapeLeft UIInterfaceOrientationLandscapeRight";
				LD_RUNPATH_SEARCH_PATHS = (
					"$(inherited)",
					"@executable_path/Frameworks",
				);
				MARKETING_VERSION = 1.0;
				PRODUCT_BUNDLE_IDENTIFIER = rlu.remWord;
				PRODUCT_NAME = "$(TARGET_NAME)";
				SWIFT_EMIT_LOC_STRINGS = YES;
				SWIFT_VERSION = 5.0;
				TARGETED_DEVICE_FAMILY = "1,2";
			};
			name = Debug;
		};
		200B80182CD0855100E3A8FD /* Release */ = {
			isa = XCBuildConfiguration;
			buildSettings = {
				ASSETCATALOG_COMPILER_APPICON_NAME = AppIcon;
				ASSETCATALOG_COMPILER_GLOBAL_ACCENT_COLOR_NAME = AccentColor;
				CODE_SIGN_STYLE = Automatic;
				CURRENT_PROJECT_VERSION = 1;
				DEVELOPMENT_ASSET_PATHS = "\"remWord/Preview Content\"";
				ENABLE_PREVIEWS = YES;
				GENERATE_INFOPLIST_FILE = YES;
				INFOPLIST_KEY_UIApplicationSceneManifest_Generation = YES;
				INFOPLIST_KEY_UIApplicationSupportsIndirectInputEvents = YES;
				INFOPLIST_KEY_UILaunchScreen_Generation = YES;
				INFOPLIST_KEY_UISupportedInterfaceOrientations_iPad = "UIInterfaceOrientationPortrait UIInterfaceOrientationPortraitUpsideDown UIInterfaceOrientationLandscapeLeft UIInterfaceOrientationLandscapeRight";
				INFOPLIST_KEY_UISupportedInterfaceOrientations_iPhone = "UIInterfaceOrientationPortrait UIInterfaceOrientationLandscapeLeft UIInterfaceOrientationLandscapeRight";
				LD_RUNPATH_SEARCH_PATHS = (
					"$(inherited)",
					"@executable_path/Frameworks",
				);
				MARKETING_VERSION = 1.0;
				PRODUCT_BUNDLE_IDENTIFIER = rlu.remWord;
				PRODUCT_NAME = "$(TARGET_NAME)";
				SWIFT_EMIT_LOC_STRINGS = YES;
				SWIFT_VERSION = 5.0;
				TARGETED_DEVICE_FAMILY = "1,2";
			};
			name = Release;
		};
		200B801A2CD0855100E3A8FD /* Debug */ = {
			isa = XCBuildConfiguration;
			buildSettings = {
				BUNDLE_LOADER = "$(TEST_HOST)";
				CODE_SIGN_STYLE = Automatic;
				CURRENT_PROJECT_VERSION = 1;
				GENERATE_INFOPLIST_FILE = YES;
				IPHONEOS_DEPLOYMENT_TARGET = 18.0;
				MARKETING_VERSION = 1.0;
				PRODUCT_BUNDLE_IDENTIFIER = rlu.remWordTests;
				PRODUCT_NAME = "$(TARGET_NAME)";
				SWIFT_EMIT_LOC_STRINGS = NO;
				SWIFT_VERSION = 5.0;
				TARGETED_DEVICE_FAMILY = "1,2";
				TEST_HOST = "$(BUILT_PRODUCTS_DIR)/remWord.app/$(BUNDLE_EXECUTABLE_FOLDER_PATH)/remWord";
			};
			name = Debug;
		};
		200B801B2CD0855100E3A8FD /* Release */ = {
			isa = XCBuildConfiguration;
			buildSettings = {
				BUNDLE_LOADER = "$(TEST_HOST)";
				CODE_SIGN_STYLE = Automatic;
				CURRENT_PROJECT_VERSION = 1;
				GENERATE_INFOPLIST_FILE = YES;
				IPHONEOS_DEPLOYMENT_TARGET = 18.0;
				MARKETING_VERSION = 1.0;
				PRODUCT_BUNDLE_IDENTIFIER = rlu.remWordTests;
				PRODUCT_NAME = "$(TARGET_NAME)";
				SWIFT_EMIT_LOC_STRINGS = NO;
				SWIFT_VERSION = 5.0;
				TARGETED_DEVICE_FAMILY = "1,2";
				TEST_HOST = "$(BUILT_PRODUCTS_DIR)/remWord.app/$(BUNDLE_EXECUTABLE_FOLDER_PATH)/remWord";
			};
			name = Release;
		};
		200B801D2CD0855100E3A8FD /* Debug */ = {
			isa = XCBuildConfiguration;
			buildSettings = {
				CODE_SIGN_STYLE = Automatic;
				CURRENT_PROJECT_VERSION = 1;
				GENERATE_INFOPLIST_FILE = YES;
				MARKETING_VERSION = 1.0;
				PRODUCT_BUNDLE_IDENTIFIER = rlu.remWordUITests;
				PRODUCT_NAME = "$(TARGET_NAME)";
				SWIFT_EMIT_LOC_STRINGS = NO;
				SWIFT_VERSION = 5.0;
				TARGETED_DEVICE_FAMILY = "1,2";
				TEST_TARGET_NAME = remWord;
			};
			name = Debug;
		};
		200B801E2CD0855100E3A8FD /* Release */ = {
			isa = XCBuildConfiguration;
			buildSettings = {
				CODE_SIGN_STYLE = Automatic;
				CURRENT_PROJECT_VERSION = 1;
				GENERATE_INFOPLIST_FILE = YES;
				MARKETING_VERSION = 1.0;
				PRODUCT_BUNDLE_IDENTIFIER = rlu.remWordUITests;
				PRODUCT_NAME = "$(TARGET_NAME)";
				SWIFT_EMIT_LOC_STRINGS = NO;
				SWIFT_VERSION = 5.0;
				TARGETED_DEVICE_FAMILY = "1,2";
				TEST_TARGET_NAME = remWord;
			};
			name = Release;
		};
/* End XCBuildConfiguration section */

/* Begin XCConfigurationList section */
		200B7FEB2CD0854F00E3A8FD /* Build configuration list for PBXProject "remWord" */ = {
			isa = XCConfigurationList;
			buildConfigurations = (
				200B80142CD0855100E3A8FD /* Debug */,
				200B80152CD0855100E3A8FD /* Release */,
			);
			defaultConfigurationIsVisible = 0;
			defaultConfigurationName = Release;
		};
		200B80162CD0855100E3A8FD /* Build configuration list for PBXNativeTarget "remWord" */ = {
			isa = XCConfigurationList;
			buildConfigurations = (
				200B80172CD0855100E3A8FD /* Debug */,
				200B80182CD0855100E3A8FD /* Release */,
			);
			defaultConfigurationIsVisible = 0;
			defaultConfigurationName = Release;
		};
		200B80192CD0855100E3A8FD /* Build configuration list for PBXNativeTarget "remWordTests" */ = {
			isa = XCConfigurationList;
			buildConfigurations = (
				200B801A2CD0855100E3A8FD /* Debug */,
				200B801B2CD0855100E3A8FD /* Release */,
			);
			defaultConfigurationIsVisible = 0;
			defaultConfigurationName = Release;
		};
		200B801C2CD0855100E3A8FD /* Build configuration list for PBXNativeTarget "remWordUITests" */ = {
			isa = XCConfigurationList;
			buildConfigurations = (
				200B801D2CD0855100E3A8FD /* Debug */,
				200B801E2CD0855100E3A8FD /* Release */,
			);
			defaultConfigurationIsVisible = 0;
			defaultConfigurationName = Release;
		};
/* End XCConfigurationList section */
	};
	rootObject = 200B7FE82CD0854F00E3A8FD /* Project object */;
}
